
Microsoft Visual Studio Solution File, Format Version 12.00
# Visual Studio Version 17
VisualStudioVersion = 17.11.35222.181
MinimumVisualStudioVersion = 10.0.40219.1
Project("{FAE04EC0-301F-11D3-BF4B-00C04F79EFBC}") = "Tyuiu.KukarskiiSA.Sprint6", "Tyuiu.KukarskiiSA.Sprint6\Tyuiu.KukarskiiSA.Sprint6.csproj", "{0E6934C9-D564-455E-94B5-74A3FB5A9CE4}"
EndProject
Project("{2150E333-8FDC-42A3-9474-1A3956D46DE8}") = "Task0", "Task0", "{71BF8A13-14AF-499D-8477-4CE8ADD022A5}"
EndProject
Project("{FAE04EC0-301F-11D3-BF4B-00C04F79EFBC}") = "Tyuiu.KukarskiySA.Sprint6.Task0.V16.Lib", "Tyuiu.KukarskiySA.Sprint6.Task0.V16.Lib\Tyuiu.KukarskiySA.Sprint6.Task0.V16.Lib.csproj", "{D3F3FC74-112C-44AE-AE7C-658121DBE87B}"
EndProject
Project("{2150E333-8FDC-42A3-9474-1A3956D46DE8}") = "Task1", "Task1", "{CEA401BF-994D-4AC6-80CE-A6BDE827F2DB}"
EndProject
Project("{FAE04EC0-301F-11D3-BF4B-00C04F79EFBC}") = "Tyuiu.KukarskiySA.Sprint6.Task1.V6.Lib", "Tyuiu.KukarskiySA.Sprint6.Task1.V6.Lib\Tyuiu.KukarskiySA.Sprint6.Task1.V6.Lib.csproj", "{69F52645-08A4-4E63-B8C0-47215DC29728}"
EndProject
Project("{2150E333-8FDC-42A3-9474-1A3956D46DE8}") = "Task2", "Task2", "{A3FD6F6B-6EEF-4CB7-9DD0-EFD477190847}"
EndProject
Project("{FAE04EC0-301F-11D3-BF4B-00C04F79EFBC}") = "Tyuiu.KukarskiySA.Sprint6.Task2.V25.Lib", "Tyuiu.KukarskiySA.Sprint6.Task2.V25.Lib\Tyuiu.KukarskiySA.Sprint6.Task2.V25.Lib.csproj", "{8290B95E-A72B-42D2-B0B0-22EB7BC69102}"
EndProject
Project("{2150E333-8FDC-42A3-9474-1A3956D46DE8}") = "Task3", "Task3", "{66C698DD-ED90-4CA5-BE39-67F513347C4A}"
EndProject
Project("{FAE04EC0-301F-11D3-BF4B-00C04F79EFBC}") = "Tyuiu.KukarskiySA.Sprint6.Task3.V7.Lib", "Tyuiu.KukarskiySA.Sprint6.Task3.V7.Lib\Tyuiu.KukarskiySA.Sprint6.Task3.V7.Lib.csproj", "{908D0FDB-2883-4D2F-A80A-1571DAC5CB8D}"
EndProject
Project("{2150E333-8FDC-42A3-9474-1A3956D46DE8}") = "Task4", "Task4", "{CF5CA1BF-2FAA-463B-BF12-FB0D5A46205F}"
EndProject
Project("{FAE04EC0-301F-11D3-BF4B-00C04F79EFBC}") = "Tyuiu.KukarskiySA.Sprint6.Task4.V2.Lib", "Tyuiu.KukarskiySA.Sprint6.Task4.V2.Lib\Tyuiu.KukarskiySA.Sprint6.Task4.V2.Lib.csproj", "{487A2212-5B3F-48F7-80BD-B48497DBCED9}"
EndProject
Project("{2150E333-8FDC-42A3-9474-1A3956D46DE8}") = "Task5", "Task5", "{8AA9A831-74BC-4CD4-88E2-551E642F0970}"
EndProject
Project("{FAE04EC0-301F-11D3-BF4B-00C04F79EFBC}") = "Tyuiu.KukarskiySA.Sprint6.Task5.V28.Lib", "Tyuiu.KukarskiySA.Sprint6.Task5.V28.Lib\Tyuiu.KukarskiySA.Sprint6.Task5.V28.Lib.csproj", "{CBD9F1C3-4A74-4C7A-849B-FB895968D8CE}"
EndProject
Project("{2150E333-8FDC-42A3-9474-1A3956D46DE8}") = "Task6", "Task6", "{D994D0C7-D0D6-4449-AA2A-ECA580FE88E6}"
EndProject
Project("{FAE04EC0-301F-11D3-BF4B-00C04F79EFBC}") = "Tyuiu.KukarskiySA.Sprint6.Task6.V2.Lib", "Tyuiu.KukarskiySA.Sprint6.Task6.V2.Lib\Tyuiu.KukarskiySA.Sprint6.Task6.V2.Lib.csproj", "{22292D77-6C70-4180-8D8A-92256417315C}"
EndProject
Project("{2150E333-8FDC-42A3-9474-1A3956D46DE8}") = "Task7", "Task7", "{428B2634-1FF9-4694-8A0A-ECECF109ABA9}"
EndProject
Project("{FAE04EC0-301F-11D3-BF4B-00C04F79EFBC}") = "Tyuiu.KukarskiySA.Sprint6.Task7.V24.Lib", "Tyuiu.KukarskiySA.Sprint6.Task7.V24.Lib\Tyuiu.KukarskiySA.Sprint6.Task7.V24.Lib.csproj", "{4F886B48-8270-40D8-AA47-2B07836BACF5}"
EndProject
Global
	GlobalSection(SolutionConfigurationPlatforms) = preSolution
		Debug|Any CPU = Debug|Any CPU
		Release|Any CPU = Release|Any CPU
	EndGlobalSection
	GlobalSection(ProjectConfigurationPlatforms) = postSolution
		{0E6934C9-D564-455E-94B5-74A3FB5A9CE4}.Debug|Any CPU.ActiveCfg = Debug|Any CPU
		{0E6934C9-D564-455E-94B5-74A3FB5A9CE4}.Debug|Any CPU.Build.0 = Debug|Any CPU
		{0E6934C9-D564-455E-94B5-74A3FB5A9CE4}.Release|Any CPU.ActiveCfg = Release|Any CPU
		{0E6934C9-D564-455E-94B5-74A3FB5A9CE4}.Release|Any CPU.Build.0 = Release|Any CPU
		{D3F3FC74-112C-44AE-AE7C-658121DBE87B}.Debug|Any CPU.ActiveCfg = Debug|Any CPU
		{D3F3FC74-112C-44AE-AE7C-658121DBE87B}.Debug|Any CPU.Build.0 = Debug|Any CPU
		{D3F3FC74-112C-44AE-AE7C-658121DBE87B}.Release|Any CPU.ActiveCfg = Release|Any CPU
		{D3F3FC74-112C-44AE-AE7C-658121DBE87B}.Release|Any CPU.Build.0 = Release|Any CPU
		{69F52645-08A4-4E63-B8C0-47215DC29728}.Debug|Any CPU.ActiveCfg = Debug|Any CPU
		{69F52645-08A4-4E63-B8C0-47215DC29728}.Debug|Any CPU.Build.0 = Debug|Any CPU
		{69F52645-08A4-4E63-B8C0-47215DC29728}.Release|Any CPU.ActiveCfg = Release|Any CPU
		{69F52645-08A4-4E63-B8C0-47215DC29728}.Release|Any CPU.Build.0 = Release|Any CPU
		{8290B95E-A72B-42D2-B0B0-22EB7BC69102}.Debug|Any CPU.ActiveCfg = Debug|Any CPU
		{8290B95E-A72B-42D2-B0B0-22EB7BC69102}.Debug|Any CPU.Build.0 = Debug|Any CPU
		{8290B95E-A72B-42D2-B0B0-22EB7BC69102}.Release|Any CPU.ActiveCfg = Release|Any CPU
		{8290B95E-A72B-42D2-B0B0-22EB7BC69102}.Release|Any CPU.Build.0 = Release|Any CPU
		{908D0FDB-2883-4D2F-A80A-1571DAC5CB8D}.Debug|Any CPU.ActiveCfg = Debug|Any CPU
		{908D0FDB-2883-4D2F-A80A-1571DAC5CB8D}.Debug|Any CPU.Build.0 = Debug|Any CPU
		{908D0FDB-2883-4D2F-A80A-1571DAC5CB8D}.Release|Any CPU.ActiveCfg = Release|Any CPU
		{908D0FDB-2883-4D2F-A80A-1571DAC5CB8D}.Release|Any CPU.Build.0 = Release|Any CPU
		{487A2212-5B3F-48F7-80BD-B48497DBCED9}.Debug|Any CPU.ActiveCfg = Debug|Any CPU
		{487A2212-5B3F-48F7-80BD-B48497DBCED9}.Debug|Any CPU.Build.0 = Debug|Any CPU
		{487A2212-5B3F-48F7-80BD-B48497DBCED9}.Release|Any CPU.ActiveCfg = Release|Any CPU
		{487A2212-5B3F-48F7-80BD-B48497DBCED9}.Release|Any CPU.Build.0 = Release|Any CPU
		{CBD9F1C3-4A74-4C7A-849B-FB895968D8CE}.Debug|Any CPU.ActiveCfg = Debug|Any CPU
		{CBD9F1C3-4A74-4C7A-849B-FB895968D8CE}.Debug|Any CPU.Build.0 = Debug|Any CPU
		{CBD9F1C3-4A74-4C7A-849B-FB895968D8CE}.Release|Any CPU.ActiveCfg = Release|Any CPU
		{CBD9F1C3-4A74-4C7A-849B-FB895968D8CE}.Release|Any CPU.Build.0 = Release|Any CPU
		{22292D77-6C70-4180-8D8A-92256417315C}.Debug|Any CPU.ActiveCfg = Debug|Any CPU
		{22292D77-6C70-4180-8D8A-92256417315C}.Debug|Any CPU.Build.0 = Debug|Any CPU
		{22292D77-6C70-4180-8D8A-92256417315C}.Release|Any CPU.ActiveCfg = Release|Any CPU
		{22292D77-6C70-4180-8D8A-92256417315C}.Release|Any CPU.Build.0 = Release|Any CPU
		{4F886B48-8270-40D8-AA47-2B07836BACF5}.Debug|Any CPU.ActiveCfg = Debug|Any CPU
		{4F886B48-8270-40D8-AA47-2B07836BACF5}.Debug|Any CPU.Build.0 = Debug|Any CPU
		{4F886B48-8270-40D8-AA47-2B07836BACF5}.Release|Any CPU.ActiveCfg = Release|Any CPU
		{4F886B48-8270-40D8-AA47-2B07836BACF5}.Release|Any CPU.Build.0 = Release|Any CPU
	EndGlobalSection
	GlobalSection(SolutionProperties) = preSolution
		HideSolutionNode = FALSE
	EndGlobalSection
	GlobalSection(NestedProjects) = preSolution
		{D3F3FC74-112C-44AE-AE7C-658121DBE87B} = {71BF8A13-14AF-499D-8477-4CE8ADD022A5}
		{69F52645-08A4-4E63-B8C0-47215DC29728} = {CEA401BF-994D-4AC6-80CE-A6BDE827F2DB}
		{8290B95E-A72B-42D2-B0B0-22EB7BC69102} = {A3FD6F6B-6EEF-4CB7-9DD0-EFD477190847}
		{908D0FDB-2883-4D2F-A80A-1571DAC5CB8D} = {66C698DD-ED90-4CA5-BE39-67F513347C4A}
		{487A2212-5B3F-48F7-80BD-B48497DBCED9} = {CF5CA1BF-2FAA-463B-BF12-FB0D5A46205F}
		{CBD9F1C3-4A74-4C7A-849B-FB895968D8CE} = {8AA9A831-74BC-4CD4-88E2-551E642F0970}
		{22292D77-6C70-4180-8D8A-92256417315C} = {D994D0C7-D0D6-4449-AA2A-ECA580FE88E6}
		{4F886B48-8270-40D8-AA47-2B07836BACF5} = {428B2634-1FF9-4694-8A0A-ECECF109ABA9}
	EndGlobalSection
	GlobalSection(ExtensibilityGlobals) = postSolution
		SolutionGuid = {2FBAAB7B-FE25-4CC1-A55C-BA0B72E7A6B8}
	EndGlobalSection
EndGlobal
